
Microsoft Visual Studio Solution File, Format Version 12.00
# Visual Studio Version 17
VisualStudioVersion = 17.8.34525.116
MinimumVisualStudioVersion = 10.0.40219.1
Project("{FAE04EC0-301F-11D3-BF4B-00C04F79EFBC}") = "PigLatinConverter", "PigLatinConverter\PigLatinConverter.csproj", "{4E90B93C-CAC3-4ECB-AF76-FFF66C08DCA8}"
EndProject
Global
	GlobalSection(SolutionConfigurationPlatforms) = preSolution
		Debug|Any CPU = Debug|Any CPU
		Release|Any CPU = Release|Any CPU
	EndGlobalSection
	GlobalSection(ProjectConfigurationPlatforms) = postSolution
		{4E90B93C-CAC3-4ECB-AF76-FFF66C08DCA8}.Debug|Any CPU.ActiveCfg = Debug|Any CPU
		{4E90B93C-CAC3-4ECB-AF76-FFF66C08DCA8}.Debug|Any CPU.Build.0 = Debug|Any CPU
		{4E90B93C-CAC3-4ECB-AF76-FFF66C08DCA8}.Release|Any CPU.ActiveCfg = Release|Any CPU
		{4E90B93C-CAC3-4ECB-AF76-FFF66C08DCA8}.Release|Any CPU.Build.0 = Release|Any CPU
	EndGlobalSection
	GlobalSection(SolutionProperties) = preSolution
		HideSolutionNode = FALSE
	EndGlobalSection
	GlobalSection(ExtensibilityGlobals) = postSolution
		SolutionGuid = {78778BED-233F-4073-BCB2-ADF521BD6327}
	EndGlobalSection
EndGlobal
